// !$*UTF8*$!
{
	archiveVersion = 1;
	classes = {
	};
	objectVersion = 51;
	objects = {

/* Begin PBXBuildFile section */
		19CBACA14D6CA92F6C634580 /* libPods-GreenTeamProject.a in Frameworks */ = {isa = PBXBuildFile; fileRef = 6C2C87BEC9B63EEE5D7230FD /* libPods-GreenTeamProject.a */; };
		3A02456922DCBED200AF6FDE /* VideoLauncherViewController.m in Sources */ = {isa = PBXBuildFile; fileRef = 3A02456822DCBED200AF6FDE /* VideoLauncherViewController.m */; };
		A01DE25A22DB68DD00B59C15 /* RootViewController.m in Sources */ = {isa = PBXBuildFile; fileRef = A01DE25822DB68DD00B59C15 /* RootViewController.m */; };
		A01DE25B22DB68DD00B59C15 /* RootViewController.xib in Resources */ = {isa = PBXBuildFile; fileRef = A01DE25922DB68DD00B59C15 /* RootViewController.xib */; };
		A01DE26022DB6F8F00B59C15 /* CollectionViewCell.m in Sources */ = {isa = PBXBuildFile; fileRef = A01DE25E22DB6F8F00B59C15 /* CollectionViewCell.m */; };
		A01DE26122DB6F8F00B59C15 /* CollectionViewCell.xib in Resources */ = {isa = PBXBuildFile; fileRef = A01DE25F22DB6F8F00B59C15 /* CollectionViewCell.xib */; };
		A01DE26722DB884800B59C15 /* AddTagViewController.m in Sources */ = {isa = PBXBuildFile; fileRef = A01DE26522DB884800B59C15 /* AddTagViewController.m */; };
		A01DE26822DB884800B59C15 /* AddTagViewController.xib in Resources */ = {isa = PBXBuildFile; fileRef = A01DE26622DB884800B59C15 /* AddTagViewController.xib */; };
		A01DE27022DBD22A00B59C15 /* NewVideoViewController.m in Sources */ = {isa = PBXBuildFile; fileRef = A01DE26E22DBD22A00B59C15 /* NewVideoViewController.m */; };
		A01DE27122DBD22A00B59C15 /* NewVideoViewController.xib in Resources */ = {isa = PBXBuildFile; fileRef = A01DE26F22DBD22A00B59C15 /* NewVideoViewController.xib */; };
		A01DE2A322DBF01500B59C15 /* GTFistScreenViewController.m in Sources */ = {isa = PBXBuildFile; fileRef = A01DE29322DBF01500B59C15 /* GTFistScreenViewController.m */; };
		A01DE2A422DBF01500B59C15 /* GTTableViewController.m in Sources */ = {isa = PBXBuildFile; fileRef = A01DE29522DBF01500B59C15 /* GTTableViewController.m */; };
		A01DE2A522DBF01500B59C15 /* GTTopicTableViewCell.m in Sources */ = {isa = PBXBuildFile; fileRef = A01DE29622DBF01500B59C15 /* GTTopicTableViewCell.m */; };
		A01DE2A622DBF01500B59C15 /* GTTableViewHeader.m in Sources */ = {isa = PBXBuildFile; fileRef = A01DE29922DBF01500B59C15 /* GTTableViewHeader.m */; };
		A01DE2A722DBF01500B59C15 /* GTTagTableViewCell.m in Sources */ = {isa = PBXBuildFile; fileRef = A01DE29C22DBF01500B59C15 /* GTTagTableViewCell.m */; };
		A01DE2A822DBF01500B59C15 /* GTTopic.m in Sources */ = {isa = PBXBuildFile; fileRef = A01DE2A022DBF01500B59C15 /* GTTopic.m */; };
		A01DE36D22DCB4FF00B59C15 /* GTVideo.m in Sources */ = {isa = PBXBuildFile; fileRef = A01DE35822DCB4FF00B59C15 /* GTVideo.m */; };
		A01DE36E22DCB4FF00B59C15 /* Defaults.m in Sources */ = {isa = PBXBuildFile; fileRef = A01DE35A22DCB4FF00B59C15 /* Defaults.m */; };
		A01DE37022DCB4FF00B59C15 /* VideoLauncherConstants.m in Sources */ = {isa = PBXBuildFile; fileRef = A01DE35D22DCB4FF00B59C15 /* VideoLauncherConstants.m */; };
		A01DE37122DCB4FF00B59C15 /* TagTableViewCell.m in Sources */ = {isa = PBXBuildFile; fileRef = A01DE36322DCB4FF00B59C15 /* TagTableViewCell.m */; };
		A01DE37222DCB4FF00B59C15 /* VideoNameHeaderView.xib in Resources */ = {isa = PBXBuildFile; fileRef = A01DE36422DCB4FF00B59C15 /* VideoNameHeaderView.xib */; };
		A01DE37322DCB4FF00B59C15 /* VideoNameHeaderView.m in Sources */ = {isa = PBXBuildFile; fileRef = A01DE36522DCB4FF00B59C15 /* VideoNameHeaderView.m */; };
		A01DE37422DCB4FF00B59C15 /* TagTableViewCell.xib in Resources */ = {isa = PBXBuildFile; fileRef = A01DE36622DCB4FF00B59C15 /* TagTableViewCell.xib */; };
		A01DE37522DCB4FF00B59C15 /* GTTag.m in Sources */ = {isa = PBXBuildFile; fileRef = A01DE36722DCB4FF00B59C15 /* GTTag.m */; };
		A01DE37622DCB4FF00B59C15 /* UIColor+CustomColor.m in Sources */ = {isa = PBXBuildFile; fileRef = A01DE36A22DCB4FF00B59C15 /* UIColor+CustomColor.m */; };
		A0D2CE3B22D8B47800420617 /* AppDelegate.m in Sources */ = {isa = PBXBuildFile; fileRef = A0D2CE3A22D8B47800420617 /* AppDelegate.m */; };
		A0D2CE4122D8B47800420617 /* Main.storyboard in Resources */ = {isa = PBXBuildFile; fileRef = A0D2CE3F22D8B47800420617 /* Main.storyboard */; };
		A0D2CE4322D8B47B00420617 /* Assets.xcassets in Resources */ = {isa = PBXBuildFile; fileRef = A0D2CE4222D8B47B00420617 /* Assets.xcassets */; };
		A0D2CE4622D8B47B00420617 /* LaunchScreen.storyboard in Resources */ = {isa = PBXBuildFile; fileRef = A0D2CE4422D8B47B00420617 /* LaunchScreen.storyboard */; };
		A0D2CE4922D8B47B00420617 /* main.m in Sources */ = {isa = PBXBuildFile; fileRef = A0D2CE4822D8B47B00420617 /* main.m */; };
		C69859F922DCCC4100BABA61 /* Reachability.m in Sources */ = {isa = PBXBuildFile; fileRef = C69859F822DCCC4100BABA61 /* Reachability.m */; };
/* End PBXBuildFile section */

/* Begin PBXFileReference section */
		0599DB01E989C32B998EAE88 /* Pods-GreenTeamProject.release.xcconfig */ = {isa = PBXFileReference; includeInIndex = 1; lastKnownFileType = text.xcconfig; name = "Pods-GreenTeamProject.release.xcconfig"; path = "Target Support Files/Pods-GreenTeamProject/Pods-GreenTeamProject.release.xcconfig"; sourceTree = "<group>"; };
		3A02456722DCBED200AF6FDE /* VideoLauncherViewController.h */ = {isa = PBXFileReference; lastKnownFileType = sourcecode.c.h; path = VideoLauncherViewController.h; sourceTree = "<group>"; };
		3A02456822DCBED200AF6FDE /* VideoLauncherViewController.m */ = {isa = PBXFileReference; lastKnownFileType = sourcecode.c.objc; path = VideoLauncherViewController.m; sourceTree = "<group>"; };
		6C2C87BEC9B63EEE5D7230FD /* libPods-GreenTeamProject.a */ = {isa = PBXFileReference; explicitFileType = archive.ar; includeInIndex = 0; path = "libPods-GreenTeamProject.a"; sourceTree = BUILT_PRODUCTS_DIR; };
		9622248EAA1788714FE1736C /* Pods-GreenTeamProject.debug.xcconfig */ = {isa = PBXFileReference; includeInIndex = 1; lastKnownFileType = text.xcconfig; name = "Pods-GreenTeamProject.debug.xcconfig"; path = "Target Support Files/Pods-GreenTeamProject/Pods-GreenTeamProject.debug.xcconfig"; sourceTree = "<group>"; };
		A01DE25722DB68DD00B59C15 /* RootViewController.h */ = {isa = PBXFileReference; lastKnownFileType = sourcecode.c.h; path = RootViewController.h; sourceTree = "<group>"; };
		A01DE25822DB68DD00B59C15 /* RootViewController.m */ = {isa = PBXFileReference; lastKnownFileType = sourcecode.c.objc; path = RootViewController.m; sourceTree = "<group>"; };
		A01DE25922DB68DD00B59C15 /* RootViewController.xib */ = {isa = PBXFileReference; lastKnownFileType = file.xib; path = RootViewController.xib; sourceTree = "<group>"; };
		A01DE25D22DB6F8F00B59C15 /* CollectionViewCell.h */ = {isa = PBXFileReference; lastKnownFileType = sourcecode.c.h; path = CollectionViewCell.h; sourceTree = "<group>"; };
		A01DE25E22DB6F8F00B59C15 /* CollectionViewCell.m */ = {isa = PBXFileReference; lastKnownFileType = sourcecode.c.objc; path = CollectionViewCell.m; sourceTree = "<group>"; };
		A01DE25F22DB6F8F00B59C15 /* CollectionViewCell.xib */ = {isa = PBXFileReference; lastKnownFileType = file.xib; path = CollectionViewCell.xib; sourceTree = "<group>"; };
		A01DE26422DB884800B59C15 /* AddTagViewController.h */ = {isa = PBXFileReference; lastKnownFileType = sourcecode.c.h; path = AddTagViewController.h; sourceTree = "<group>"; };
		A01DE26522DB884800B59C15 /* AddTagViewController.m */ = {isa = PBXFileReference; lastKnownFileType = sourcecode.c.objc; path = AddTagViewController.m; sourceTree = "<group>"; };
		A01DE26622DB884800B59C15 /* AddTagViewController.xib */ = {isa = PBXFileReference; lastKnownFileType = file.xib; path = AddTagViewController.xib; sourceTree = "<group>"; };
		A01DE26D22DBD22A00B59C15 /* NewVideoViewController.h */ = {isa = PBXFileReference; lastKnownFileType = sourcecode.c.h; path = NewVideoViewController.h; sourceTree = "<group>"; };
		A01DE26E22DBD22A00B59C15 /* NewVideoViewController.m */ = {isa = PBXFileReference; lastKnownFileType = sourcecode.c.objc; path = NewVideoViewController.m; sourceTree = "<group>"; };
		A01DE26F22DBD22A00B59C15 /* NewVideoViewController.xib */ = {isa = PBXFileReference; lastKnownFileType = file.xib; path = NewVideoViewController.xib; sourceTree = "<group>"; };
		A01DE29322DBF01500B59C15 /* GTFistScreenViewController.m */ = {isa = PBXFileReference; fileEncoding = 4; lastKnownFileType = sourcecode.c.objc; path = GTFistScreenViewController.m; sourceTree = "<group>"; };
		A01DE29522DBF01500B59C15 /* GTTableViewController.m */ = {isa = PBXFileReference; fileEncoding = 4; lastKnownFileType = sourcecode.c.objc; path = GTTableViewController.m; sourceTree = "<group>"; };
		A01DE29622DBF01500B59C15 /* GTTopicTableViewCell.m */ = {isa = PBXFileReference; fileEncoding = 4; lastKnownFileType = sourcecode.c.objc; path = GTTopicTableViewCell.m; sourceTree = "<group>"; };
		A01DE29722DBF01500B59C15 /* GTTableViewHeader.h */ = {isa = PBXFileReference; fileEncoding = 4; lastKnownFileType = sourcecode.c.h; path = GTTableViewHeader.h; sourceTree = "<group>"; };
		A01DE29822DBF01500B59C15 /* GTTagTableViewCell.h */ = {isa = PBXFileReference; fileEncoding = 4; lastKnownFileType = sourcecode.c.h; path = GTTagTableViewCell.h; sourceTree = "<group>"; };
		A01DE29922DBF01500B59C15 /* GTTableViewHeader.m */ = {isa = PBXFileReference; fileEncoding = 4; lastKnownFileType = sourcecode.c.objc; path = GTTableViewHeader.m; sourceTree = "<group>"; };
		A01DE29A22DBF01500B59C15 /* GTTopicTableViewCell.h */ = {isa = PBXFileReference; fileEncoding = 4; lastKnownFileType = sourcecode.c.h; path = GTTopicTableViewCell.h; sourceTree = "<group>"; };
		A01DE29B22DBF01500B59C15 /* GTTableViewController.h */ = {isa = PBXFileReference; fileEncoding = 4; lastKnownFileType = sourcecode.c.h; path = GTTableViewController.h; sourceTree = "<group>"; };
		A01DE29C22DBF01500B59C15 /* GTTagTableViewCell.m */ = {isa = PBXFileReference; fileEncoding = 4; lastKnownFileType = sourcecode.c.objc; path = GTTagTableViewCell.m; sourceTree = "<group>"; };
		A01DE29D22DBF01500B59C15 /* GTFistScreenViewController.h */ = {isa = PBXFileReference; fileEncoding = 4; lastKnownFileType = sourcecode.c.h; path = GTFistScreenViewController.h; sourceTree = "<group>"; };
		A01DE2A022DBF01500B59C15 /* GTTopic.m */ = {isa = PBXFileReference; fileEncoding = 4; lastKnownFileType = sourcecode.c.objc; path = GTTopic.m; sourceTree = "<group>"; };
		A01DE2A222DBF01500B59C15 /* GTTopic.h */ = {isa = PBXFileReference; fileEncoding = 4; lastKnownFileType = sourcecode.c.h; path = GTTopic.h; sourceTree = "<group>"; };
		A01DE35822DCB4FF00B59C15 /* GTVideo.m */ = {isa = PBXFileReference; fileEncoding = 4; lastKnownFileType = sourcecode.c.objc; name = GTVideo.m; path = ../VideoLauncher/GTVideo.m; sourceTree = "<group>"; };
		A01DE35922DCB4FF00B59C15 /* VideoLauncherConstants.h */ = {isa = PBXFileReference; fileEncoding = 4; lastKnownFileType = sourcecode.c.h; path = VideoLauncherConstants.h; sourceTree = "<group>"; };
		A01DE35A22DCB4FF00B59C15 /* Defaults.m */ = {isa = PBXFileReference; fileEncoding = 4; lastKnownFileType = sourcecode.c.objc; path = Defaults.m; sourceTree = "<group>"; };
		A01DE35C22DCB4FF00B59C15 /* GTVideo.h */ = {isa = PBXFileReference; fileEncoding = 4; lastKnownFileType = sourcecode.c.h; name = GTVideo.h; path = ../VideoLauncher/GTVideo.h; sourceTree = "<group>"; };
		A01DE35D22DCB4FF00B59C15 /* VideoLauncherConstants.m */ = {isa = PBXFileReference; fileEncoding = 4; lastKnownFileType = sourcecode.c.objc; path = VideoLauncherConstants.m; sourceTree = "<group>"; };
		A01DE35E22DCB4FF00B59C15 /* Defaults.h */ = {isa = PBXFileReference; fileEncoding = 4; lastKnownFileType = sourcecode.c.h; path = Defaults.h; sourceTree = "<group>"; };
		A01DE36022DCB4FF00B59C15 /* VideoNameHeaderView.h */ = {isa = PBXFileReference; fileEncoding = 4; lastKnownFileType = sourcecode.c.h; path = VideoNameHeaderView.h; sourceTree = "<group>"; };
		A01DE36122DCB4FF00B59C15 /* TagTableViewCell.h */ = {isa = PBXFileReference; fileEncoding = 4; lastKnownFileType = sourcecode.c.h; path = TagTableViewCell.h; sourceTree = "<group>"; };
		A01DE36222DCB4FF00B59C15 /* GTTag.h */ = {isa = PBXFileReference; fileEncoding = 4; lastKnownFileType = sourcecode.c.h; path = GTTag.h; sourceTree = "<group>"; };
		A01DE36322DCB4FF00B59C15 /* TagTableViewCell.m */ = {isa = PBXFileReference; fileEncoding = 4; lastKnownFileType = sourcecode.c.objc; path = TagTableViewCell.m; sourceTree = "<group>"; };
		A01DE36422DCB4FF00B59C15 /* VideoNameHeaderView.xib */ = {isa = PBXFileReference; fileEncoding = 4; lastKnownFileType = file.xib; path = VideoNameHeaderView.xib; sourceTree = "<group>"; };
		A01DE36522DCB4FF00B59C15 /* VideoNameHeaderView.m */ = {isa = PBXFileReference; fileEncoding = 4; lastKnownFileType = sourcecode.c.objc; path = VideoNameHeaderView.m; sourceTree = "<group>"; };
		A01DE36622DCB4FF00B59C15 /* TagTableViewCell.xib */ = {isa = PBXFileReference; fileEncoding = 4; lastKnownFileType = file.xib; path = TagTableViewCell.xib; sourceTree = "<group>"; };
		A01DE36722DCB4FF00B59C15 /* GTTag.m */ = {isa = PBXFileReference; fileEncoding = 4; lastKnownFileType = sourcecode.c.objc; path = GTTag.m; sourceTree = "<group>"; };
		A01DE36A22DCB4FF00B59C15 /* UIColor+CustomColor.m */ = {isa = PBXFileReference; fileEncoding = 4; lastKnownFileType = sourcecode.c.objc; path = "UIColor+CustomColor.m"; sourceTree = "<group>"; };
		A01DE36C22DCB4FF00B59C15 /* UIColor+CustomColor.h */ = {isa = PBXFileReference; fileEncoding = 4; lastKnownFileType = sourcecode.c.h; path = "UIColor+CustomColor.h"; sourceTree = "<group>"; };
		A0D2CE3622D8B47800420617 /* GreenTeamProject.app */ = {isa = PBXFileReference; explicitFileType = wrapper.application; includeInIndex = 0; path = GreenTeamProject.app; sourceTree = BUILT_PRODUCTS_DIR; };
		A0D2CE3922D8B47800420617 /* AppDelegate.h */ = {isa = PBXFileReference; lastKnownFileType = sourcecode.c.h; path = AppDelegate.h; sourceTree = "<group>"; };
		A0D2CE3A22D8B47800420617 /* AppDelegate.m */ = {isa = PBXFileReference; lastKnownFileType = sourcecode.c.objc; path = AppDelegate.m; sourceTree = "<group>"; };
		A0D2CE4022D8B47800420617 /* Base */ = {isa = PBXFileReference; lastKnownFileType = file.storyboard; name = Base; path = Base.lproj/Main.storyboard; sourceTree = "<group>"; };
		A0D2CE4222D8B47B00420617 /* Assets.xcassets */ = {isa = PBXFileReference; lastKnownFileType = folder.assetcatalog; path = Assets.xcassets; sourceTree = "<group>"; };
		A0D2CE4522D8B47B00420617 /* Base */ = {isa = PBXFileReference; lastKnownFileType = file.storyboard; name = Base; path = Base.lproj/LaunchScreen.storyboard; sourceTree = "<group>"; };
		A0D2CE4722D8B47B00420617 /* Info.plist */ = {isa = PBXFileReference; lastKnownFileType = text.plist.xml; path = Info.plist; sourceTree = "<group>"; };
		A0D2CE4822D8B47B00420617 /* main.m */ = {isa = PBXFileReference; lastKnownFileType = sourcecode.c.objc; path = main.m; sourceTree = "<group>"; };
		C69859F722DCCC4100BABA61 /* Reachability.h */ = {isa = PBXFileReference; lastKnownFileType = sourcecode.c.h; path = Reachability.h; sourceTree = "<group>"; };
		C69859F822DCCC4100BABA61 /* Reachability.m */ = {isa = PBXFileReference; lastKnownFileType = sourcecode.c.objc; path = Reachability.m; sourceTree = "<group>"; };
/* End PBXFileReference section */

/* Begin PBXFrameworksBuildPhase section */
		A0D2CE3322D8B47800420617 /* Frameworks */ = {
			isa = PBXFrameworksBuildPhase;
			buildActionMask = 2147483647;
			files = (
				19CBACA14D6CA92F6C634580 /* libPods-GreenTeamProject.a in Frameworks */,
			);
			runOnlyForDeploymentPostprocessing = 0;
		};
/* End PBXFrameworksBuildPhase section */

/* Begin PBXGroup section */
		161E5CE289B41DC908065F45 /* Frameworks */ = {
			isa = PBXGroup;
			children = (
				6C2C87BEC9B63EEE5D7230FD /* libPods-GreenTeamProject.a */,
			);
			name = Frameworks;
			sourceTree = "<group>";
		};
		A01DE25622DB689900B59C15 /* RootViewController */ = {
			isa = PBXGroup;
			children = (
				A01DE25C22DB6F7100B59C15 /* ContainerCell */,
				A01DE25722DB68DD00B59C15 /* RootViewController.h */,
				A01DE25822DB68DD00B59C15 /* RootViewController.m */,
				A01DE25922DB68DD00B59C15 /* RootViewController.xib */,
			);
			path = RootViewController;
			sourceTree = "<group>";
		};
		A01DE25C22DB6F7100B59C15 /* ContainerCell */ = {
			isa = PBXGroup;
			children = (
				A01DE25D22DB6F8F00B59C15 /* CollectionViewCell.h */,
				A01DE25E22DB6F8F00B59C15 /* CollectionViewCell.m */,
				A01DE25F22DB6F8F00B59C15 /* CollectionViewCell.xib */,
			);
			path = ContainerCell;
			sourceTree = "<group>";
		};
		A01DE26322DB87F900B59C15 /* AddTagViewController */ = {
			isa = PBXGroup;
			children = (
				A01DE26422DB884800B59C15 /* AddTagViewController.h */,
				A01DE26522DB884800B59C15 /* AddTagViewController.m */,
				A01DE26622DB884800B59C15 /* AddTagViewController.xib */,
			);
			path = AddTagViewController;
			sourceTree = "<group>";
		};
		A01DE26C22DBB90C00B59C15 /* AddNewVideoViewController */ = {
			isa = PBXGroup;
			children = (
				A01DE26D22DBD22A00B59C15 /* NewVideoViewController.h */,
				A01DE26E22DBD22A00B59C15 /* NewVideoViewController.m */,
				A01DE26F22DBD22A00B59C15 /* NewVideoViewController.xib */,
			);
			path = AddNewVideoViewController;
			sourceTree = "<group>";
		};
		A01DE29122DBF01500B59C15 /* Screens */ = {
			isa = PBXGroup;
			children = (
				A01DE29222DBF01500B59C15 /* FirstScreen */,
			);
			path = Screens;
			sourceTree = "<group>";
		};
		A01DE29222DBF01500B59C15 /* FirstScreen */ = {
			isa = PBXGroup;
			children = (
				A01DE29D22DBF01500B59C15 /* GTFistScreenViewController.h */,
				A01DE29322DBF01500B59C15 /* GTFistScreenViewController.m */,
				A01DE29422DBF01500B59C15 /* FirstScreenContentView */,
			);
			path = FirstScreen;
			sourceTree = "<group>";
		};
		A01DE29422DBF01500B59C15 /* FirstScreenContentView */ = {
			isa = PBXGroup;
			children = (
				A01DE29B22DBF01500B59C15 /* GTTableViewController.h */,
				A01DE29522DBF01500B59C15 /* GTTableViewController.m */,
				A01DE29A22DBF01500B59C15 /* GTTopicTableViewCell.h */,
				A01DE29622DBF01500B59C15 /* GTTopicTableViewCell.m */,
				A01DE29822DBF01500B59C15 /* GTTagTableViewCell.h */,
				A01DE29C22DBF01500B59C15 /* GTTagTableViewCell.m */,
				A01DE29722DBF01500B59C15 /* GTTableViewHeader.h */,
				A01DE29922DBF01500B59C15 /* GTTableViewHeader.m */,
			);
			path = FirstScreenContentView;
			sourceTree = "<group>";
		};
		A01DE29E22DBF01500B59C15 /* Models */ = {
			isa = PBXGroup;
			children = (
				A01DE36222DCB4FF00B59C15 /* GTTag.h */,
				A01DE36722DCB4FF00B59C15 /* GTTag.m */,
				A01DE35C22DCB4FF00B59C15 /* GTVideo.h */,
				A01DE35822DCB4FF00B59C15 /* GTVideo.m */,
				A01DE2A022DBF01500B59C15 /* GTTopic.m */,
				A01DE2A222DBF01500B59C15 /* GTTopic.h */,
			);
			path = Models;
			sourceTree = "<group>";
		};
		A01DE35622DCB4FF00B59C15 /* VideoLauncher */ = {
			isa = PBXGroup;
			children = (
				A01DE35E22DCB4FF00B59C15 /* Defaults.h */,
				A01DE35A22DCB4FF00B59C15 /* Defaults.m */,
				A01DE35922DCB4FF00B59C15 /* VideoLauncherConstants.h */,
				A01DE35D22DCB4FF00B59C15 /* VideoLauncherConstants.m */,
				A01DE35F22DCB4FF00B59C15 /* VideoLauncher TableView */,
				3A02456722DCBED200AF6FDE /* VideoLauncherViewController.h */,
				3A02456822DCBED200AF6FDE /* VideoLauncherViewController.m */,
			);
			path = VideoLauncher;
			sourceTree = "<group>";
		};
		A01DE35F22DCB4FF00B59C15 /* VideoLauncher TableView */ = {
			isa = PBXGroup;
			children = (
				A01DE36022DCB4FF00B59C15 /* VideoNameHeaderView.h */,
				A01DE36122DCB4FF00B59C15 /* TagTableViewCell.h */,
				A01DE36322DCB4FF00B59C15 /* TagTableViewCell.m */,
				A01DE36422DCB4FF00B59C15 /* VideoNameHeaderView.xib */,
				A01DE36522DCB4FF00B59C15 /* VideoNameHeaderView.m */,
				A01DE36622DCB4FF00B59C15 /* TagTableViewCell.xib */,
			);
			path = "VideoLauncher TableView";
			sourceTree = "<group>";
		};
		A01DE36822DCB4FF00B59C15 /* UIColor Category */ = {
			isa = PBXGroup;
			children = (
				A01DE36A22DCB4FF00B59C15 /* UIColor+CustomColor.m */,
				A01DE36C22DCB4FF00B59C15 /* UIColor+CustomColor.h */,
			);
			path = "UIColor Category";
			sourceTree = "<group>";
		};
		A0D2CE2D22D8B47800420617 = {
			isa = PBXGroup;
			children = (
				A0D2CE3822D8B47800420617 /* GreenTeamProject */,
				A0D2CE3722D8B47800420617 /* Products */,
				BB9391A4AE60DE17F95221AE /* Pods */,
				161E5CE289B41DC908065F45 /* Frameworks */,
			);
			sourceTree = "<group>";
		};
		A0D2CE3722D8B47800420617 /* Products */ = {
			isa = PBXGroup;
			children = (
				A0D2CE3622D8B47800420617 /* GreenTeamProject.app */,
			);
			name = Products;
			sourceTree = "<group>";
		};
		A0D2CE3822D8B47800420617 /* GreenTeamProject */ = {
			isa = PBXGroup;
			children = (
				C69859F522DCCBF900BABA61 /* Core */,
				A01DE36822DCB4FF00B59C15 /* UIColor Category */,
				A01DE35622DCB4FF00B59C15 /* VideoLauncher */,
				A01DE29E22DBF01500B59C15 /* Models */,
				A01DE29122DBF01500B59C15 /* Screens */,
				A01DE26C22DBB90C00B59C15 /* AddNewVideoViewController */,
				A01DE26322DB87F900B59C15 /* AddTagViewController */,
				A01DE25622DB689900B59C15 /* RootViewController */,
				A0D2CE3922D8B47800420617 /* AppDelegate.h */,
				A0D2CE3A22D8B47800420617 /* AppDelegate.m */,
				A0D2CE3F22D8B47800420617 /* Main.storyboard */,
				A0D2CE4222D8B47B00420617 /* Assets.xcassets */,
				A0D2CE4422D8B47B00420617 /* LaunchScreen.storyboard */,
				A0D2CE4722D8B47B00420617 /* Info.plist */,
				A0D2CE4822D8B47B00420617 /* main.m */,
			);
			path = GreenTeamProject;
			sourceTree = "<group>";
		};
		BB9391A4AE60DE17F95221AE /* Pods */ = {
			isa = PBXGroup;
			children = (
				9622248EAA1788714FE1736C /* Pods-GreenTeamProject.debug.xcconfig */,
				0599DB01E989C32B998EAE88 /* Pods-GreenTeamProject.release.xcconfig */,
			);
			path = Pods;
			sourceTree = "<group>";
		};
		C69859F522DCCBF900BABA61 /* Core */ = {
			isa = PBXGroup;
			children = (
				C69859F622DCCC0800BABA61 /* Networking */,
			);
			path = Core;
			sourceTree = "<group>";
		};
		C69859F622DCCC0800BABA61 /* Networking */ = {
			isa = PBXGroup;
			children = (
				C69859F722DCCC4100BABA61 /* Reachability.h */,
				C69859F822DCCC4100BABA61 /* Reachability.m */,
			);
			path = Networking;
			sourceTree = "<group>";
		};
/* End PBXGroup section */

/* Begin PBXNativeTarget section */
		A0D2CE3522D8B47800420617 /* GreenTeamProject */ = {
			isa = PBXNativeTarget;
			buildConfigurationList = A0D2CE4C22D8B47B00420617 /* Build configuration list for PBXNativeTarget "GreenTeamProject" */;
			buildPhases = (
				74AACAF208C5EAEC1E049C9A /* [CP] Check Pods Manifest.lock */,
				A0D2CE3222D8B47800420617 /* Sources */,
				A0D2CE3322D8B47800420617 /* Frameworks */,
				A0D2CE3422D8B47800420617 /* Resources */,
				98459A48BDFE7D95221267B8 /* [CP] Copy Pods Resources */,
			);
			buildRules = (
			);
			dependencies = (
			);
			name = GreenTeamProject;
			productName = GreenTeamProject;
			productReference = A0D2CE3622D8B47800420617 /* GreenTeamProject.app */;
			productType = "com.apple.product-type.application";
		};
/* End PBXNativeTarget section */

/* Begin PBXProject section */
		A0D2CE2E22D8B47800420617 /* Project object */ = {
			isa = PBXProject;
			attributes = {
				LastUpgradeCheck = 1020;
				ORGANIZATIONNAME = GreenTeam;
				TargetAttributes = {
					A0D2CE3522D8B47800420617 = {
						CreatedOnToolsVersion = 10.2.1;
					};
				};
			};
			buildConfigurationList = A0D2CE3122D8B47800420617 /* Build configuration list for PBXProject "GreenTeamProject" */;
			compatibilityVersion = "Xcode 9.3";
			developmentRegion = en;
			hasScannedForEncodings = 0;
			knownRegions = (
				en,
				Base,
			);
			mainGroup = A0D2CE2D22D8B47800420617;
			productRefGroup = A0D2CE3722D8B47800420617 /* Products */;
			projectDirPath = "";
			projectRoot = "";
			targets = (
				A0D2CE3522D8B47800420617 /* GreenTeamProject */,
			);
		};
/* End PBXProject section */

/* Begin PBXResourcesBuildPhase section */
		A0D2CE3422D8B47800420617 /* Resources */ = {
			isa = PBXResourcesBuildPhase;
			buildActionMask = 2147483647;
			files = (
				A0D2CE4622D8B47B00420617 /* LaunchScreen.storyboard in Resources */,
				A01DE37422DCB4FF00B59C15 /* TagTableViewCell.xib in Resources */,
				A01DE26122DB6F8F00B59C15 /* CollectionViewCell.xib in Resources */,
				A01DE27122DBD22A00B59C15 /* NewVideoViewController.xib in Resources */,
				A01DE25B22DB68DD00B59C15 /* RootViewController.xib in Resources */,
				A0D2CE4322D8B47B00420617 /* Assets.xcassets in Resources */,
				A01DE37222DCB4FF00B59C15 /* VideoNameHeaderView.xib in Resources */,
				A0D2CE4122D8B47800420617 /* Main.storyboard in Resources */,
				A01DE26822DB884800B59C15 /* AddTagViewController.xib in Resources */,
			);
			runOnlyForDeploymentPostprocessing = 0;
		};
/* End PBXResourcesBuildPhase section */

/* Begin PBXShellScriptBuildPhase section */
		74AACAF208C5EAEC1E049C9A /* [CP] Check Pods Manifest.lock */ = {
			isa = PBXShellScriptBuildPhase;
			buildActionMask = 2147483647;
			files = (
			);
			inputFileListPaths = (
			);
			inputPaths = (
				"${PODS_PODFILE_DIR_PATH}/Podfile.lock",
				"${PODS_ROOT}/Manifest.lock",
			);
			name = "[CP] Check Pods Manifest.lock";
			outputFileListPaths = (
			);
			outputPaths = (
				"$(DERIVED_FILE_DIR)/Pods-GreenTeamProject-checkManifestLockResult.txt",
			);
			runOnlyForDeploymentPostprocessing = 0;
			shellPath = /bin/sh;
			shellScript = "diff \"${PODS_PODFILE_DIR_PATH}/Podfile.lock\" \"${PODS_ROOT}/Manifest.lock\" > /dev/null\nif [ $? != 0 ] ; then\n    # print error to STDERR\n    echo \"error: The sandbox is not in sync with the Podfile.lock. Run 'pod install' or update your CocoaPods installation.\" >&2\n    exit 1\nfi\n# This output is used by Xcode 'outputs' to avoid re-running this script phase.\necho \"SUCCESS\" > \"${SCRIPT_OUTPUT_FILE_0}\"\n";
			showEnvVarsInLog = 0;
		};
		98459A48BDFE7D95221267B8 /* [CP] Copy Pods Resources */ = {
			isa = PBXShellScriptBuildPhase;
			buildActionMask = 2147483647;
			files = (
			);
			inputFileListPaths = (
				"${PODS_ROOT}/Target Support Files/Pods-GreenTeamProject/Pods-GreenTeamProject-resources-${CONFIGURATION}-input-files.xcfilelist",
			);
			name = "[CP] Copy Pods Resources";
			outputFileListPaths = (
				"${PODS_ROOT}/Target Support Files/Pods-GreenTeamProject/Pods-GreenTeamProject-resources-${CONFIGURATION}-output-files.xcfilelist",
			);
			runOnlyForDeploymentPostprocessing = 0;
			shellPath = /bin/sh;
			shellScript = "\"${PODS_ROOT}/Target Support Files/Pods-GreenTeamProject/Pods-GreenTeamProject-resources.sh\"\n";
			showEnvVarsInLog = 0;
		};
/* End PBXShellScriptBuildPhase section */

/* Begin PBXSourcesBuildPhase section */
		A0D2CE3222D8B47800420617 /* Sources */ = {
			isa = PBXSourcesBuildPhase;
			buildActionMask = 2147483647;
			files = (
				3A02456922DCBED200AF6FDE /* VideoLauncherViewController.m in Sources */,
				A01DE2A622DBF01500B59C15 /* GTTableViewHeader.m in Sources */,
				A01DE2A522DBF01500B59C15 /* GTTopicTableViewCell.m in Sources */,
				A01DE25A22DB68DD00B59C15 /* RootViewController.m in Sources */,
				A01DE36D22DCB4FF00B59C15 /* GTVideo.m in Sources */,
				A01DE2A422DBF01500B59C15 /* GTTableViewController.m in Sources */,
				A01DE37622DCB4FF00B59C15 /* UIColor+CustomColor.m in Sources */,
				A0D2CE4922D8B47B00420617 /* main.m in Sources */,
				A01DE37122DCB4FF00B59C15 /* TagTableViewCell.m in Sources */,
				A0D2CE3B22D8B47800420617 /* AppDelegate.m in Sources */,
				C69859F922DCCC4100BABA61 /* Reachability.m in Sources */,
				A01DE2A722DBF01500B59C15 /* GTTagTableViewCell.m in Sources */,
				A01DE27022DBD22A00B59C15 /* NewVideoViewController.m in Sources */,
				A01DE26022DB6F8F00B59C15 /* CollectionViewCell.m in Sources */,
				A01DE26722DB884800B59C15 /* AddTagViewController.m in Sources */,
				A01DE37022DCB4FF00B59C15 /* VideoLauncherConstants.m in Sources */,
				A01DE37522DCB4FF00B59C15 /* GTTag.m in Sources */,
				A01DE37322DCB4FF00B59C15 /* VideoNameHeaderView.m in Sources */,
				A01DE36E22DCB4FF00B59C15 /* Defaults.m in Sources */,
				A01DE2A822DBF01500B59C15 /* GTTopic.m in Sources */,
				A01DE2A322DBF01500B59C15 /* GTFistScreenViewController.m in Sources */,
			);
			runOnlyForDeploymentPostprocessing = 0;
		};
/* End PBXSourcesBuildPhase section */

/* Begin PBXVariantGroup section */
		A0D2CE3F22D8B47800420617 /* Main.storyboard */ = {
			isa = PBXVariantGroup;
			children = (
				A0D2CE4022D8B47800420617 /* Base */,
			);
			name = Main.storyboard;
			sourceTree = "<group>";
		};
		A0D2CE4422D8B47B00420617 /* LaunchScreen.storyboard */ = {
			isa = PBXVariantGroup;
			children = (
				A0D2CE4522D8B47B00420617 /* Base */,
			);
			name = LaunchScreen.storyboard;
			sourceTree = "<group>";
		};
/* End PBXVariantGroup section */

/* Begin XCBuildConfiguration section */
		A0D2CE4A22D8B47B00420617 /* Debug */ = {
			isa = XCBuildConfiguration;
			buildSettings = {
				ALWAYS_SEARCH_USER_PATHS = NO;
				CLANG_ANALYZER_NONNULL = YES;
				CLANG_ANALYZER_NUMBER_OBJECT_CONVERSION = YES_AGGRESSIVE;
				CLANG_CXX_LANGUAGE_STANDARD = "gnu++14";
				CLANG_CXX_LIBRARY = "libc++";
				CLANG_ENABLE_MODULES = YES;
				CLANG_ENABLE_OBJC_ARC = YES;
				CLANG_ENABLE_OBJC_WEAK = YES;
				CLANG_WARN_BLOCK_CAPTURE_AUTORELEASING = YES;
				CLANG_WARN_BOOL_CONVERSION = YES;
				CLANG_WARN_COMMA = YES;
				CLANG_WARN_CONSTANT_CONVERSION = YES;
				CLANG_WARN_DEPRECATED_OBJC_IMPLEMENTATIONS = YES;
				CLANG_WARN_DIRECT_OBJC_ISA_USAGE = YES_ERROR;
				CLANG_WARN_DOCUMENTATION_COMMENTS = YES;
				CLANG_WARN_EMPTY_BODY = YES;
				CLANG_WARN_ENUM_CONVERSION = YES;
				CLANG_WARN_INFINITE_RECURSION = YES;
				CLANG_WARN_INT_CONVERSION = YES;
				CLANG_WARN_NON_LITERAL_NULL_CONVERSION = YES;
				CLANG_WARN_OBJC_IMPLICIT_RETAIN_SELF = YES;
				CLANG_WARN_OBJC_LITERAL_CONVERSION = YES;
				CLANG_WARN_OBJC_ROOT_CLASS = YES_ERROR;
				CLANG_WARN_RANGE_LOOP_ANALYSIS = YES;
				CLANG_WARN_STRICT_PROTOTYPES = YES;
				CLANG_WARN_SUSPICIOUS_MOVE = YES;
				CLANG_WARN_UNGUARDED_AVAILABILITY = YES_AGGRESSIVE;
				CLANG_WARN_UNREACHABLE_CODE = YES;
				CLANG_WARN__DUPLICATE_METHOD_MATCH = YES;
				CODE_SIGN_IDENTITY = "iPhone Developer";
				COPY_PHASE_STRIP = NO;
				DEBUG_INFORMATION_FORMAT = dwarf;
				ENABLE_STRICT_OBJC_MSGSEND = YES;
				ENABLE_TESTABILITY = YES;
				GCC_C_LANGUAGE_STANDARD = gnu11;
				GCC_DYNAMIC_NO_PIC = NO;
				GCC_NO_COMMON_BLOCKS = YES;
				GCC_OPTIMIZATION_LEVEL = 0;
				GCC_PREPROCESSOR_DEFINITIONS = (
					"DEBUG=1",
					"$(inherited)",
				);
				GCC_WARN_64_TO_32_BIT_CONVERSION = YES;
				GCC_WARN_ABOUT_RETURN_TYPE = YES_ERROR;
				GCC_WARN_UNDECLARED_SELECTOR = YES;
				GCC_WARN_UNINITIALIZED_AUTOS = YES_AGGRESSIVE;
				GCC_WARN_UNUSED_FUNCTION = YES;
				GCC_WARN_UNUSED_VARIABLE = YES;
				IPHONEOS_DEPLOYMENT_TARGET = 12.2;
				MTL_ENABLE_DEBUG_INFO = INCLUDE_SOURCE;
				MTL_FAST_MATH = YES;
				ONLY_ACTIVE_ARCH = YES;
				SDKROOT = iphoneos;
			};
			name = Debug;
		};
		A0D2CE4B22D8B47B00420617 /* Release */ = {
			isa = XCBuildConfiguration;
			buildSettings = {
				ALWAYS_SEARCH_USER_PATHS = NO;
				CLANG_ANALYZER_NONNULL = YES;
				CLANG_ANALYZER_NUMBER_OBJECT_CONVERSION = YES_AGGRESSIVE;
				CLANG_CXX_LANGUAGE_STANDARD = "gnu++14";
				CLANG_CXX_LIBRARY = "libc++";
				CLANG_ENABLE_MODULES = YES;
				CLANG_ENABLE_OBJC_ARC = YES;
				CLANG_ENABLE_OBJC_WEAK = YES;
				CLANG_WARN_BLOCK_CAPTURE_AUTORELEASING = YES;
				CLANG_WARN_BOOL_CONVERSION = YES;
				CLANG_WARN_COMMA = YES;
				CLANG_WARN_CONSTANT_CONVERSION = YES;
				CLANG_WARN_DEPRECATED_OBJC_IMPLEMENTATIONS = YES;
				CLANG_WARN_DIRECT_OBJC_ISA_USAGE = YES_ERROR;
				CLANG_WARN_DOCUMENTATION_COMMENTS = YES;
				CLANG_WARN_EMPTY_BODY = YES;
				CLANG_WARN_ENUM_CONVERSION = YES;
				CLANG_WARN_INFINITE_RECURSION = YES;
				CLANG_WARN_INT_CONVERSION = YES;
				CLANG_WARN_NON_LITERAL_NULL_CONVERSION = YES;
				CLANG_WARN_OBJC_IMPLICIT_RETAIN_SELF = YES;
				CLANG_WARN_OBJC_LITERAL_CONVERSION = YES;
				CLANG_WARN_OBJC_ROOT_CLASS = YES_ERROR;
				CLANG_WARN_RANGE_LOOP_ANALYSIS = YES;
				CLANG_WARN_STRICT_PROTOTYPES = YES;
				CLANG_WARN_SUSPICIOUS_MOVE = YES;
				CLANG_WARN_UNGUARDED_AVAILABILITY = YES_AGGRESSIVE;
				CLANG_WARN_UNREACHABLE_CODE = YES;
				CLANG_WARN__DUPLICATE_METHOD_MATCH = YES;
				CODE_SIGN_IDENTITY = "iPhone Developer";
				COPY_PHASE_STRIP = NO;
				DEBUG_INFORMATION_FORMAT = "dwarf-with-dsym";
				ENABLE_NS_ASSERTIONS = NO;
				ENABLE_STRICT_OBJC_MSGSEND = YES;
				GCC_C_LANGUAGE_STANDARD = gnu11;
				GCC_NO_COMMON_BLOCKS = YES;
				GCC_WARN_64_TO_32_BIT_CONVERSION = YES;
				GCC_WARN_ABOUT_RETURN_TYPE = YES_ERROR;
				GCC_WARN_UNDECLARED_SELECTOR = YES;
				GCC_WARN_UNINITIALIZED_AUTOS = YES_AGGRESSIVE;
				GCC_WARN_UNUSED_FUNCTION = YES;
				GCC_WARN_UNUSED_VARIABLE = YES;
				IPHONEOS_DEPLOYMENT_TARGET = 12.2;
				MTL_ENABLE_DEBUG_INFO = NO;
				MTL_FAST_MATH = YES;
				SDKROOT = iphoneos;
				VALIDATE_PRODUCT = YES;
			};
			name = Release;
		};
		A0D2CE4D22D8B47B00420617 /* Debug */ = {
			isa = XCBuildConfiguration;
			baseConfigurationReference = 9622248EAA1788714FE1736C /* Pods-GreenTeamProject.debug.xcconfig */;
			buildSettings = {
				ASSETCATALOG_COMPILER_APPICON_NAME = AppIcon;
				CODE_SIGN_IDENTITY = "iPhone Developer";
				CODE_SIGN_STYLE = Automatic;
				DEVELOPMENT_TEAM = HJSF27K7R5;
				INFOPLIST_FILE = GreenTeamProject/Info.plist;
				LD_RUNPATH_SEARCH_PATHS = (
					"$(inherited)",
					"@executable_path/Frameworks",
				);
				PRODUCT_BUNDLE_IDENTIFIER = RSGreenTeam.GreenTeamProject;
				PRODUCT_NAME = "$(TARGET_NAME)";
				PROVISIONING_PROFILE_SPECIFIER = "";
				TARGETED_DEVICE_FAMILY = "1,2";
			};
			name = Debug;
		};
		A0D2CE4E22D8B47B00420617 /* Release */ = {
			isa = XCBuildConfiguration;
			baseConfigurationReference = 0599DB01E989C32B998EAE88 /* Pods-GreenTeamProject.release.xcconfig */;
			buildSettings = {
				ASSETCATALOG_COMPILER_APPICON_NAME = AppIcon;
				CODE_SIGN_IDENTITY = "iPhone Developer";
				CODE_SIGN_STYLE = Automatic;
				DEVELOPMENT_TEAM = HJSF27K7R5;
				INFOPLIST_FILE = GreenTeamProject/Info.plist;
				LD_RUNPATH_SEARCH_PATHS = (
					"$(inherited)",
					"@executable_path/Frameworks",
				);
				PRODUCT_BUNDLE_IDENTIFIER = RSGreenTeam.GreenTeamProject;
				PRODUCT_NAME = "$(TARGET_NAME)";
				PROVISIONING_PROFILE_SPECIFIER = "";
				TARGETED_DEVICE_FAMILY = "1,2";
			};
			name = Release;
		};
/* End XCBuildConfiguration section */

/* Begin XCConfigurationList section */
		A0D2CE3122D8B47800420617 /* Build configuration list for PBXProject "GreenTeamProject" */ = {
			isa = XCConfigurationList;
			buildConfigurations = (
				A0D2CE4A22D8B47B00420617 /* Debug */,
				A0D2CE4B22D8B47B00420617 /* Release */,
			);
			defaultConfigurationIsVisible = 0;
			defaultConfigurationName = Release;
		};
		A0D2CE4C22D8B47B00420617 /* Build configuration list for PBXNativeTarget "GreenTeamProject" */ = {
			isa = XCConfigurationList;
			buildConfigurations = (
				A0D2CE4D22D8B47B00420617 /* Debug */,
				A0D2CE4E22D8B47B00420617 /* Release */,
			);
			defaultConfigurationIsVisible = 0;
			defaultConfigurationName = Release;
		};
/* End XCConfigurationList section */
	};
	rootObject = A0D2CE2E22D8B47800420617 /* Project object */;
}
